// !$*UTF8*$!
{
	archiveVersion = 1;
	classes = {
	};
	objectVersion = 50;
	objects = {

/* Begin PBXBuildFile section */
		16A306A021B7B77C00A6E6A3 /* AppDelegate.swift in Sources */ = {isa = PBXBuildFile; fileRef = 16A3069F21B7B77C00A6E6A3 /* AppDelegate.swift */; };
		16A306A221B7B77C00A6E6A3 /* ViewController.swift in Sources */ = {isa = PBXBuildFile; fileRef = 16A306A121B7B77C00A6E6A3 /* ViewController.swift */; };
		16A306A521B7B77C00A6E6A3 /* Main.storyboard in Resources */ = {isa = PBXBuildFile; fileRef = 16A306A321B7B77C00A6E6A3 /* Main.storyboard */; };
		16A306A721B7B77F00A6E6A3 /* Assets.xcassets in Resources */ = {isa = PBXBuildFile; fileRef = 16A306A621B7B77F00A6E6A3 /* Assets.xcassets */; };
		16A306AA21B7B77F00A6E6A3 /* LaunchScreen.storyboard in Resources */ = {isa = PBXBuildFile; fileRef = 16A306A821B7B77F00A6E6A3 /* LaunchScreen.storyboard */; };
		16A306B521B7B77F00A6E6A3 /* MvvmRxExampleTests.swift in Sources */ = {isa = PBXBuildFile; fileRef = 16A306B421B7B77F00A6E6A3 /* MvvmRxExampleTests.swift */; };
/* End PBXBuildFile section */

/* Begin PBXContainerItemProxy section */
		16A306B121B7B77F00A6E6A3 /* PBXContainerItemProxy */ = {
			isa = PBXContainerItemProxy;
			containerPortal = 16A3069421B7B77C00A6E6A3 /* Project object */;
			proxyType = 1;
			remoteGlobalIDString = 16A3069B21B7B77C00A6E6A3;
			remoteInfo = MvvmRxExample;
		};
/* End PBXContainerItemProxy section */

/* Begin PBXFileReference section */
		16A3069C21B7B77C00A6E6A3 /* MvvmRxExample.app */ = {isa = PBXFileReference; explicitFileType = wrapper.application; includeInIndex = 0; path = MvvmRxExample.app; sourceTree = BUILT_PRODUCTS_DIR; };
		16A3069F21B7B77C00A6E6A3 /* AppDelegate.swift */ = {isa = PBXFileReference; lastKnownFileType = sourcecode.swift; path = AppDelegate.swift; sourceTree = "<group>"; };
		16A306A121B7B77C00A6E6A3 /* ViewController.swift */ = {isa = PBXFileReference; lastKnownFileType = sourcecode.swift; path = ViewController.swift; sourceTree = "<group>"; };
		16A306A421B7B77C00A6E6A3 /* Base */ = {isa = PBXFileReference; lastKnownFileType = file.storyboard; name = Base; path = Base.lproj/Main.storyboard; sourceTree = "<group>"; };
		16A306A621B7B77F00A6E6A3 /* Assets.xcassets */ = {isa = PBXFileReference; lastKnownFileType = folder.assetcatalog; path = Assets.xcassets; sourceTree = "<group>"; };
		16A306A921B7B77F00A6E6A3 /* Base */ = {isa = PBXFileReference; lastKnownFileType = file.storyboard; name = Base; path = Base.lproj/LaunchScreen.storyboard; sourceTree = "<group>"; };
		16A306AB21B7B77F00A6E6A3 /* Info.plist */ = {isa = PBXFileReference; lastKnownFileType = text.plist.xml; path = Info.plist; sourceTree = "<group>"; };
		16A306B021B7B77F00A6E6A3 /* MvvmRxExampleTests.xctest */ = {isa = PBXFileReference; explicitFileType = wrapper.cfbundle; includeInIndex = 0; path = MvvmRxExampleTests.xctest; sourceTree = BUILT_PRODUCTS_DIR; };
		16A306B421B7B77F00A6E6A3 /* MvvmRxExampleTests.swift */ = {isa = PBXFileReference; lastKnownFileType = sourcecode.swift; path = MvvmRxExampleTests.swift; sourceTree = "<group>"; };
		16A306B621B7B77F00A6E6A3 /* Info.plist */ = {isa = PBXFileReference; lastKnownFileType = text.plist.xml; path = Info.plist; sourceTree = "<group>"; };
/* End PBXFileReference section */

/* Begin PBXFrameworksBuildPhase section */
		16A3069921B7B77C00A6E6A3 /* Frameworks */ = {
			isa = PBXFrameworksBuildPhase;
			buildActionMask = 2147483647;
			files = (
			);
			runOnlyForDeploymentPostprocessing = 0;
		};
		16A306AD21B7B77F00A6E6A3 /* Frameworks */ = {
			isa = PBXFrameworksBuildPhase;
			buildActionMask = 2147483647;
			files = (
			);
			runOnlyForDeploymentPostprocessing = 0;
		};
/* End PBXFrameworksBuildPhase section */

/* Begin PBXGroup section */
		16A3069321B7B77C00A6E6A3 = {
			isa = PBXGroup;
			children = (
				16A3069E21B7B77C00A6E6A3 /* MvvmRxExample */,
				16A306B321B7B77F00A6E6A3 /* MvvmRxExampleTests */,
				16A3069D21B7B77C00A6E6A3 /* Products */,
			);
			sourceTree = "<group>";
		};
		16A3069D21B7B77C00A6E6A3 /* Products */ = {
			isa = PBXGroup;
			children = (
				16A3069C21B7B77C00A6E6A3 /* MvvmRxExample.app */,
				16A306B021B7B77F00A6E6A3 /* MvvmRxExampleTests.xctest */,
			);
			name = Products;
			sourceTree = "<group>";
		};
		16A3069E21B7B77C00A6E6A3 /* MvvmRxExample */ = {
			isa = PBXGroup;
			children = (
				16A3069F21B7B77C00A6E6A3 /* AppDelegate.swift */,
				16A306A121B7B77C00A6E6A3 /* ViewController.swift */,
				16A306A321B7B77C00A6E6A3 /* Main.storyboard */,
				16A306A621B7B77F00A6E6A3 /* Assets.xcassets */,
				16A306A821B7B77F00A6E6A3 /* LaunchScreen.storyboard */,
				16A306AB21B7B77F00A6E6A3 /* Info.plist */,
			);
			path = MvvmRxExample;
			sourceTree = "<group>";
		};
		16A306B321B7B77F00A6E6A3 /* MvvmRxExampleTests */ = {
			isa = PBXGroup;
			children = (
				16A306B421B7B77F00A6E6A3 /* MvvmRxExampleTests.swift */,
				16A306B621B7B77F00A6E6A3 /* Info.plist */,
			);
			path = MvvmRxExampleTests;
			sourceTree = "<group>";
		};
/* End PBXGroup section */

/* Begin PBXNativeTarget section */
		16A3069B21B7B77C00A6E6A3 /* MvvmRxExample */ = {
			isa = PBXNativeTarget;
			buildConfigurationList = 16A306B921B7B77F00A6E6A3 /* Build configuration list for PBXNativeTarget "MvvmRxExample" */;
			buildPhases = (
				16A3069821B7B77C00A6E6A3 /* Sources */,
				16A3069921B7B77C00A6E6A3 /* Frameworks */,
				16A3069A21B7B77C00A6E6A3 /* Resources */,
			);
			buildRules = (
			);
			dependencies = (
			);
			name = MvvmRxExample;
			productName = MvvmRxExample;
			productReference = 16A3069C21B7B77C00A6E6A3 /* MvvmRxExample.app */;
			productType = "com.apple.product-type.application";
		};
		16A306AF21B7B77F00A6E6A3 /* MvvmRxExampleTests */ = {
			isa = PBXNativeTarget;
			buildConfigurationList = 16A306BC21B7B77F00A6E6A3 /* Build configuration list for PBXNativeTarget "MvvmRxExampleTests" */;
			buildPhases = (
				16A306AC21B7B77F00A6E6A3 /* Sources */,
				16A306AD21B7B77F00A6E6A3 /* Frameworks */,
				16A306AE21B7B77F00A6E6A3 /* Resources */,
			);
			buildRules = (
			);
			dependencies = (
				16A306B221B7B77F00A6E6A3 /* PBXTargetDependency */,
			);
			name = MvvmRxExampleTests;
			productName = MvvmRxExampleTests;
			productReference = 16A306B021B7B77F00A6E6A3 /* MvvmRxExampleTests.xctest */;
			productType = "com.apple.product-type.bundle.unit-test";
		};
/* End PBXNativeTarget section */

/* Begin PBXProject section */
		16A3069421B7B77C00A6E6A3 /* Project object */ = {
			isa = PBXProject;
			attributes = {
				LastSwiftUpdateCheck = 1010;
				LastUpgradeCheck = 1010;
				ORGANIZATIONNAME = "Mustafa Kuloğlu";
				TargetAttributes = {
					16A3069B21B7B77C00A6E6A3 = {
						CreatedOnToolsVersion = 10.1;
					};
					16A306AF21B7B77F00A6E6A3 = {
						CreatedOnToolsVersion = 10.1;
						TestTargetID = 16A3069B21B7B77C00A6E6A3;
					};
				};
			};
			buildConfigurationList = 16A3069721B7B77C00A6E6A3 /* Build configuration list for PBXProject "MvvmRxExample" */;
			compatibilityVersion = "Xcode 9.3";
			developmentRegion = en;
			hasScannedForEncodings = 0;
			knownRegions = (
				en,
				Base,
			);
			mainGroup = 16A3069321B7B77C00A6E6A3;
			productRefGroup = 16A3069D21B7B77C00A6E6A3 /* Products */;
			projectDirPath = "";
			projectRoot = "";
			targets = (
				16A3069B21B7B77C00A6E6A3 /* MvvmRxExample */,
				16A306AF21B7B77F00A6E6A3 /* MvvmRxExampleTests */,
			);
		};
/* End PBXProject section */

/* Begin PBXResourcesBuildPhase section */
		16A3069A21B7B77C00A6E6A3 /* Resources */ = {
			isa = PBXResourcesBuildPhase;
			buildActionMask = 2147483647;
			files = (
				16A306AA21B7B77F00A6E6A3 /* LaunchScreen.storyboard in Resources */,
				16A306A721B7B77F00A6E6A3 /* Assets.xcassets in Resources */,
				16A306A521B7B77C00A6E6A3 /* Main.storyboard in Resources */,
			);
			runOnlyForDeploymentPostprocessing = 0;
		};
		16A306AE21B7B77F00A6E6A3 /* Resources */ = {
			isa = PBXResourcesBuildPhase;
			buildActionMask = 2147483647;
			files = (
			);
			runOnlyForDeploymentPostprocessing = 0;
		};
/* End PBXResourcesBuildPhase section */

/* Begin PBXSourcesBuildPhase section */
		16A3069821B7B77C00A6E6A3 /* Sources */ = {
			isa = PBXSourcesBuildPhase;
			buildActionMask = 2147483647;
			files = (
				16A306A221B7B77C00A6E6A3 /* ViewController.swift in Sources */,
				16A306A021B7B77C00A6E6A3 /* AppDelegate.swift in Sources */,
			);
			runOnlyForDeploymentPostprocessing = 0;
		};
		16A306AC21B7B77F00A6E6A3 /* Sources */ = {
			isa = PBXSourcesBuildPhase;
			buildActionMask = 2147483647;
			files = (
				16A306B521B7B77F00A6E6A3 /* MvvmRxExampleTests.swift in Sources */,
			);
			runOnlyForDeploymentPostprocessing = 0;
		};
/* End PBXSourcesBuildPhase section */

/* Begin PBXTargetDependency section */
		16A306B221B7B77F00A6E6A3 /* PBXTargetDependency */ = {
			isa = PBXTargetDependency;
			target = 16A3069B21B7B77C00A6E6A3 /* MvvmRxExample */;
			targetProxy = 16A306B121B7B77F00A6E6A3 /* PBXContainerItemProxy */;
		};
/* End PBXTargetDependency section */

/* Begin PBXVariantGroup section */
		16A306A321B7B77C00A6E6A3 /* Main.storyboard */ = {
			isa = PBXVariantGroup;
			children = (
				16A306A421B7B77C00A6E6A3 /* Base */,
			);
			name = Main.storyboard;
			sourceTree = "<group>";
		};
		16A306A821B7B77F00A6E6A3 /* LaunchScreen.storyboard */ = {
			isa = PBXVariantGroup;
			children = (
				16A306A921B7B77F00A6E6A3 /* Base */,
			);
			name = LaunchScreen.storyboard;
			sourceTree = "<group>";
		};
/* End PBXVariantGroup section */

/* Begin XCBuildConfiguration section */
		16A306B721B7B77F00A6E6A3 /* Debug */ = {
			isa = XCBuildConfiguration;
			buildSettings = {
				ALWAYS_SEARCH_USER_PATHS = NO;
				CLANG_ANALYZER_NONNULL = YES;
				CLANG_ANALYZER_NUMBER_OBJECT_CONVERSION = YES_AGGRESSIVE;
				CLANG_CXX_LANGUAGE_STANDARD = "gnu++14";
				CLANG_CXX_LIBRARY = "libc++";
				CLANG_ENABLE_MODULES = YES;
				CLANG_ENABLE_OBJC_ARC = YES;
				CLANG_ENABLE_OBJC_WEAK = YES;
				CLANG_WARN_BLOCK_CAPTURE_AUTORELEASING = YES;
				CLANG_WARN_BOOL_CONVERSION = YES;
				CLANG_WARN_COMMA = YES;
				CLANG_WARN_CONSTANT_CONVERSION = YES;
				CLANG_WARN_DEPRECATED_OBJC_IMPLEMENTATIONS = YES;
				CLANG_WARN_DIRECT_OBJC_ISA_USAGE = YES_ERROR;
				CLANG_WARN_DOCUMENTATION_COMMENTS = YES;
				CLANG_WARN_EMPTY_BODY = YES;
				CLANG_WARN_ENUM_CONVERSION = YES;
				CLANG_WARN_INFINITE_RECURSION = YES;
				CLANG_WARN_INT_CONVERSION = YES;
				CLANG_WARN_NON_LITERAL_NULL_CONVERSION = YES;
				CLANG_WARN_OBJC_IMPLICIT_RETAIN_SELF = YES;
				CLANG_WARN_OBJC_LITERAL_CONVERSION = YES;
				CLANG_WARN_OBJC_ROOT_CLASS = YES_ERROR;
				CLANG_WARN_RANGE_LOOP_ANALYSIS = YES;
				CLANG_WARN_STRICT_PROTOTYPES = YES;
				CLANG_WARN_SUSPICIOUS_MOVE = YES;
				CLANG_WARN_UNGUARDED_AVAILABILITY = YES_AGGRESSIVE;
				CLANG_WARN_UNREACHABLE_CODE = YES;
				CLANG_WARN__DUPLICATE_METHOD_MATCH = YES;
				CODE_SIGN_IDENTITY = "iPhone Developer";
				COPY_PHASE_STRIP = NO;
				DEBUG_INFORMATION_FORMAT = dwarf;
				ENABLE_STRICT_OBJC_MSGSEND = YES;
				ENABLE_TESTABILITY = YES;
				GCC_C_LANGUAGE_STANDARD = gnu11;
				GCC_DYNAMIC_NO_PIC = NO;
				GCC_NO_COMMON_BLOCKS = YES;
				GCC_OPTIMIZATION_LEVEL = 0;
				GCC_PREPROCESSOR_DEFINITIONS = (
					"DEBUG=1",
					"$(inherited)",
				);
				GCC_WARN_64_TO_32_BIT_CONVERSION = YES;
				GCC_WARN_ABOUT_RETURN_TYPE = YES_ERROR;
				GCC_WARN_UNDECLARED_SELECTOR = YES;
				GCC_WARN_UNINITIALIZED_AUTOS = YES_AGGRESSIVE;
				GCC_WARN_UNUSED_FUNCTION = YES;
				GCC_WARN_UNUSED_VARIABLE = YES;
				IPHONEOS_DEPLOYMENT_TARGET = 12.1;
				MTL_ENABLE_DEBUG_INFO = INCLUDE_SOURCE;
				MTL_FAST_MATH = YES;
				ONLY_ACTIVE_ARCH = YES;
				SDKROOT = iphoneos;
				SWIFT_ACTIVE_COMPILATION_CONDITIONS = DEBUG;
				SWIFT_OPTIMIZATION_LEVEL = "-Onone";
			};
			name = Debug;
		};
		16A306B821B7B77F00A6E6A3 /* Release */ = {
			isa = XCBuildConfiguration;
			buildSettings = {
				ALWAYS_SEARCH_USER_PATHS = NO;
				CLANG_ANALYZER_NONNULL = YES;
				CLANG_ANALYZER_NUMBER_OBJECT_CONVERSION = YES_AGGRESSIVE;
				CLANG_CXX_LANGUAGE_STANDARD = "gnu++14";
				CLANG_CXX_LIBRARY = "libc++";
				CLANG_ENABLE_MODULES = YES;
				CLANG_ENABLE_OBJC_ARC = YES;
				CLANG_ENABLE_OBJC_WEAK = YES;
				CLANG_WARN_BLOCK_CAPTURE_AUTORELEASING = YES;
				CLANG_WARN_BOOL_CONVERSION = YES;
				CLANG_WARN_COMMA = YES;
				CLANG_WARN_CONSTANT_CONVERSION = YES;
				CLANG_WARN_DEPRECATED_OBJC_IMPLEMENTATIONS = YES;
				CLANG_WARN_DIRECT_OBJC_ISA_USAGE = YES_ERROR;
				CLANG_WARN_DOCUMENTATION_COMMENTS = YES;
				CLANG_WARN_EMPTY_BODY = YES;
				CLANG_WARN_ENUM_CONVERSION = YES;
				CLANG_WARN_INFINITE_RECURSION = YES;
				CLANG_WARN_INT_CONVERSION = YES;
				CLANG_WARN_NON_LITERAL_NULL_CONVERSION = YES;
				CLANG_WARN_OBJC_IMPLICIT_RETAIN_SELF = YES;
				CLANG_WARN_OBJC_LITERAL_CONVERSION = YES;
				CLANG_WARN_OBJC_ROOT_CLASS = YES_ERROR;
				CLANG_WARN_RANGE_LOOP_ANALYSIS = YES;
				CLANG_WARN_STRICT_PROTOTYPES = YES;
				CLANG_WARN_SUSPICIOUS_MOVE = YES;
				CLANG_WARN_UNGUARDED_AVAILABILITY = YES_AGGRESSIVE;
				CLANG_WARN_UNREACHABLE_CODE = YES;
				CLANG_WARN__DUPLICATE_METHOD_MATCH = YES;
				CODE_SIGN_IDENTITY = "iPhone Developer";
				COPY_PHASE_STRIP = NO;
				DEBUG_INFORMATION_FORMAT = "dwarf-with-dsym";
				ENABLE_NS_ASSERTIONS = NO;
				ENABLE_STRICT_OBJC_MSGSEND = YES;
				GCC_C_LANGUAGE_STANDARD = gnu11;
				GCC_NO_COMMON_BLOCKS = YES;
				GCC_WARN_64_TO_32_BIT_CONVERSION = YES;
				GCC_WARN_ABOUT_RETURN_TYPE = YES_ERROR;
				GCC_WARN_UNDECLARED_SELECTOR = YES;
				GCC_WARN_UNINITIALIZED_AUTOS = YES_AGGRESSIVE;
				GCC_WARN_UNUSED_FUNCTION = YES;
				GCC_WARN_UNUSED_VARIABLE = YES;
				IPHONEOS_DEPLOYMENT_TARGET = 12.1;
				MTL_ENABLE_DEBUG_INFO = NO;
				MTL_FAST_MATH = YES;
				SDKROOT = iphoneos;
				SWIFT_COMPILATION_MODE = wholemodule;
				SWIFT_OPTIMIZATION_LEVEL = "-O";
				VALIDATE_PRODUCT = YES;
			};
			name = Release;
		};
		16A306BA21B7B77F00A6E6A3 /* Debug */ = {
			isa = XCBuildConfiguration;
			buildSettings = {
				ASSETCATALOG_COMPILER_APPICON_NAME = AppIcon;
				CODE_SIGN_STYLE = Automatic;
				INFOPLIST_FILE = MvvmRxExample/Info.plist;
				LD_RUNPATH_SEARCH_PATHS = (
					"$(inherited)",
					"@executable_path/Frameworks",
				);
				PRODUCT_BUNDLE_IDENTIFIER = com.kuloglu.MvvmRxExample;
				PRODUCT_NAME = "$(TARGET_NAME)";
				SWIFT_VERSION = 4.2;
				TARGETED_DEVICE_FAMILY = "1,2";
			};
			name = Debug;
		};
		16A306BB21B7B77F00A6E6A3 /* Release */ = {
			isa = XCBuildConfiguration;
			buildSettings = {
				ASSETCATALOG_COMPILER_APPICON_NAME = AppIcon;
				CODE_SIGN_STYLE = Automatic;
				INFOPLIST_FILE = MvvmRxExample/Info.plist;
				LD_RUNPATH_SEARCH_PATHS = (
					"$(inherited)",
					"@executable_path/Frameworks",
				);
				PRODUCT_BUNDLE_IDENTIFIER = com.kuloglu.MvvmRxExample;
				PRODUCT_NAME = "$(TARGET_NAME)";
				SWIFT_VERSION = 4.2;
				TARGETED_DEVICE_FAMILY = "1,2";
			};
			name = Release;
		};
		16A306BD21B7B77F00A6E6A3 /* Debug */ = {
			isa = XCBuildConfiguration;
			buildSettings = {
				ALWAYS_EMBED_SWIFT_STANDARD_LIBRARIES = YES;
				BUNDLE_LOADER = "$(TEST_HOST)";
				CODE_SIGN_STYLE = Automatic;
				INFOPLIST_FILE = MvvmRxExampleTests/Info.plist;
				LD_RUNPATH_SEARCH_PATHS = (
					"$(inherited)",
					"@executable_path/Frameworks",
					"@loader_path/Frameworks",
				);
				PRODUCT_BUNDLE_IDENTIFIER = com.kuloglu.MvvmRxExampleTests;
				PRODUCT_NAME = "$(TARGET_NAME)";
				SWIFT_VERSION = 4.2;
				TARGETED_DEVICE_FAMILY = "1,2";
				TEST_HOST = "$(BUILT_PRODUCTS_DIR)/MvvmRxExample.app/MvvmRxExample";
			};
			name = Debug;
		};
		16A306BE21B7B77F00A6E6A3 /* Release */ = {
			isa = XCBuildConfiguration;
			buildSettings = {
				ALWAYS_EMBED_SWIFT_STANDARD_LIBRARIES = YES;
				BUNDLE_LOADER = "$(TEST_HOST)";
				CODE_SIGN_STYLE = Automatic;
				INFOPLIST_FILE = MvvmRxExampleTests/Info.plist;
				LD_RUNPATH_SEARCH_PATHS = (
					"$(inherited)",
					"@executable_path/Frameworks",
					"@loader_path/Frameworks",
				);
				PRODUCT_BUNDLE_IDENTIFIER = com.kuloglu.MvvmRxExampleTests;
				PRODUCT_NAME = "$(TARGET_NAME)";
				SWIFT_VERSION = 4.2;
				TARGETED_DEVICE_FAMILY = "1,2";
				TEST_HOST = "$(BUILT_PRODUCTS_DIR)/MvvmRxExample.app/MvvmRxExample";
			};
			name = Release;
		};
/* End XCBuildConfiguration section */

/* Begin XCConfigurationList section */
		16A3069721B7B77C00A6E6A3 /* Build configuration list for PBXProject "MvvmRxExample" */ = {
			isa = XCConfigurationList;
			buildConfigurations = (
				16A306B721B7B77F00A6E6A3 /* Debug */,
				16A306B821B7B77F00A6E6A3 /* Release */,
			);
			defaultConfigurationIsVisible = 0;
			defaultConfigurationName = Release;
		};
		16A306B921B7B77F00A6E6A3 /* Build configuration list for PBXNativeTarget "MvvmRxExample" */ = {
			isa = XCConfigurationList;
			buildConfigurations = (
				16A306BA21B7B77F00A6E6A3 /* Debug */,
				16A306BB21B7B77F00A6E6A3 /* Release */,
			);
			defaultConfigurationIsVisible = 0;
			defaultConfigurationName = Release;
		};
		16A306BC21B7B77F00A6E6A3 /* Build configuration list for PBXNativeTarget "MvvmRxExampleTests" */ = {
			isa = XCConfigurationList;
			buildConfigurations = (
				16A306BD21B7B77F00A6E6A3 /* Debug */,
				16A306BE21B7B77F00A6E6A3 /* Release */,
			);
			defaultConfigurationIsVisible = 0;
			defaultConfigurationName = Release;
		};
/* End XCConfigurationList section */
	};
	rootObject = 16A3069421B7B77C00A6E6A3 /* Project object */;
}
